
Microsoft Visual Studio Solution File, Format Version 12.00
# Visual Studio Version 16
VisualStudioVersion = 25.0.1700.0
MinimumVisualStudioVersion = 10.0.40219.1
Project("{FAE04EC0-301F-11D3-BF4B-00C04F79EFBC}") = "OpenTelemetry.Instrumentation.Digma", "src\OpenTelemetry.Instrumentation.Digma\OpenTelemetry.Instrumentation.Digma.csproj", "{C7DDCAC0-6A0B-4E4C-B0CB-4D3CC136841F}"
EndProject
Project("{FAE04EC0-301F-11D3-BF4B-00C04F79EFBC}") = "Digma.MassTransit.Integration", "src\Digma.MassTransit.Integration\Digma.MassTransit.Integration.csproj", "{61EA0936-F7BE-4A78-85D7-4C312038CDE4}"
EndProject
Project("{FAE04EC0-301F-11D3-BF4B-00C04F79EFBC}") = "OpenTelemetry.Instrumentation.Digma.Tests", "src\OpenTelemetry.Instrumentation.Digma.Tests\OpenTelemetry.Instrumentation.Digma.Tests.csproj", "{79CE5248-0B20-488A-9BEB-2ECC5D936CAB}"
EndProject
Project("{FAE04EC0-301F-11D3-BF4B-00C04F79EFBC}") = "OpenTelemetry.AutoInstrumentation.Digma", "src\OpenTelemetry.AutoInstrumentation.Digma\OpenTelemetry.AutoInstrumentation.Digma.csproj", "{90C5C062-4E24-4C16-A1D1-77BDE5907267}"
EndProject
Project("{2150E333-8FDC-42A3-9474-1A3956D46DE8}") = "Tests", "Tests", "{27F80A25-54CF-454F-857B-A0A5782D5A1C}"
EndProject
Project("{FAE04EC0-301F-11D3-BF4B-00C04F79EFBC}") = "AutoInstrumentation.UnitTests", "src\Tests\AutoInstrumentation.UnitTests\AutoInstrumentation.UnitTests.csproj", "{5C3CC7F6-09C4-40D4-866C-6F7C0A7A0BC9}"
EndProject
Project("{FAE04EC0-301F-11D3-BF4B-00C04F79EFBC}") = "AutoInstrumentation.IntegrationTests", "src\Tests\AutoInstrumentation.IntegrationTests\AutoInstrumentation.IntegrationTests.csproj", "{E4E70C20-C27F-4B8A-AD67-AD6070D3E217}"
EndProject
Project("{FAE04EC0-301F-11D3-BF4B-00C04F79EFBC}") = "AutoInstrumentation.WindowsServiceSampleApp", "src\Tests\AutoInstrumentation.WindowsServiceSampleApp\AutoInstrumentation.WindowsServiceSampleApp.csproj", "{A270DB1B-DACB-4C22-B8C7-79A247D574F4}"
EndProject
Project("{FAE04EC0-301F-11D3-BF4B-00C04F79EFBC}") = "AutoInstrumentation.ZeroCodeTests", "src\Tests\AutoInstrumentation.ZeroCodeTests\AutoInstrumentation.ZeroCodeTests.csproj", "{C05B4989-5E3A-43B9-8F6B-A7C3C13760E4}"
EndProject
Global
	GlobalSection(SolutionConfigurationPlatforms) = preSolution
		Debug|Any CPU = Debug|Any CPU
		Release|Any CPU = Release|Any CPU
	EndGlobalSection
	GlobalSection(ProjectConfigurationPlatforms) = postSolution
		{C7DDCAC0-6A0B-4E4C-B0CB-4D3CC136841F}.Debug|Any CPU.ActiveCfg = Debug|Any CPU
		{C7DDCAC0-6A0B-4E4C-B0CB-4D3CC136841F}.Debug|Any CPU.Build.0 = Debug|Any CPU
		{C7DDCAC0-6A0B-4E4C-B0CB-4D3CC136841F}.Release|Any CPU.ActiveCfg = Release|Any CPU
		{C7DDCAC0-6A0B-4E4C-B0CB-4D3CC136841F}.Release|Any CPU.Build.0 = Release|Any CPU
		{61EA0936-F7BE-4A78-85D7-4C312038CDE4}.Debug|Any CPU.ActiveCfg = Debug|Any CPU
		{61EA0936-F7BE-4A78-85D7-4C312038CDE4}.Debug|Any CPU.Build.0 = Debug|Any CPU
		{61EA0936-F7BE-4A78-85D7-4C312038CDE4}.Release|Any CPU.ActiveCfg = Release|Any CPU
		{61EA0936-F7BE-4A78-85D7-4C312038CDE4}.Release|Any CPU.Build.0 = Release|Any CPU
		{79CE5248-0B20-488A-9BEB-2ECC5D936CAB}.Debug|Any CPU.ActiveCfg = Debug|Any CPU
		{79CE5248-0B20-488A-9BEB-2ECC5D936CAB}.Debug|Any CPU.Build.0 = Debug|Any CPU
		{79CE5248-0B20-488A-9BEB-2ECC5D936CAB}.Release|Any CPU.ActiveCfg = Release|Any CPU
		{79CE5248-0B20-488A-9BEB-2ECC5D936CAB}.Release|Any CPU.Build.0 = Release|Any CPU
		{90C5C062-4E24-4C16-A1D1-77BDE5907267}.Debug|Any CPU.ActiveCfg = Debug|Any CPU
		{90C5C062-4E24-4C16-A1D1-77BDE5907267}.Debug|Any CPU.Build.0 = Debug|Any CPU
		{90C5C062-4E24-4C16-A1D1-77BDE5907267}.Release|Any CPU.ActiveCfg = Release|Any CPU
		{90C5C062-4E24-4C16-A1D1-77BDE5907267}.Release|Any CPU.Build.0 = Release|Any CPU
		{5C3CC7F6-09C4-40D4-866C-6F7C0A7A0BC9}.Debug|Any CPU.ActiveCfg = Debug|Any CPU
		{5C3CC7F6-09C4-40D4-866C-6F7C0A7A0BC9}.Debug|Any CPU.Build.0 = Debug|Any CPU
		{5C3CC7F6-09C4-40D4-866C-6F7C0A7A0BC9}.Release|Any CPU.ActiveCfg = Release|Any CPU
		{5C3CC7F6-09C4-40D4-866C-6F7C0A7A0BC9}.Release|Any CPU.Build.0 = Release|Any CPU
		{E4E70C20-C27F-4B8A-AD67-AD6070D3E217}.Debug|Any CPU.ActiveCfg = Debug|Any CPU
		{E4E70C20-C27F-4B8A-AD67-AD6070D3E217}.Debug|Any CPU.Build.0 = Debug|Any CPU
		{E4E70C20-C27F-4B8A-AD67-AD6070D3E217}.Release|Any CPU.ActiveCfg = Release|Any CPU
		{E4E70C20-C27F-4B8A-AD67-AD6070D3E217}.Release|Any CPU.Build.0 = Release|Any CPU
		{A270DB1B-DACB-4C22-B8C7-79A247D574F4}.Debug|Any CPU.ActiveCfg = Debug|Any CPU
		{A270DB1B-DACB-4C22-B8C7-79A247D574F4}.Debug|Any CPU.Build.0 = Debug|Any CPU
		{A270DB1B-DACB-4C22-B8C7-79A247D574F4}.Release|Any CPU.ActiveCfg = Release|Any CPU
		{A270DB1B-DACB-4C22-B8C7-79A247D574F4}.Release|Any CPU.Build.0 = Release|Any CPU
		{C05B4989-5E3A-43B9-8F6B-A7C3C13760E4}.Debug|Any CPU.ActiveCfg = Debug|Any CPU
		{C05B4989-5E3A-43B9-8F6B-A7C3C13760E4}.Debug|Any CPU.Build.0 = Debug|Any CPU
		{C05B4989-5E3A-43B9-8F6B-A7C3C13760E4}.Release|Any CPU.ActiveCfg = Release|Any CPU
		{C05B4989-5E3A-43B9-8F6B-A7C3C13760E4}.Release|Any CPU.Build.0 = Release|Any CPU
	EndGlobalSection
	GlobalSection(SolutionProperties) = preSolution
		HideSolutionNode = FALSE
	EndGlobalSection
	GlobalSection(ExtensibilityGlobals) = postSolution
		SolutionGuid = {1F556E97-6654-4720-AA94-2B3AB1FC8983}
	EndGlobalSection
	GlobalSection(NestedProjects) = preSolution
		{5C3CC7F6-09C4-40D4-866C-6F7C0A7A0BC9} = {27F80A25-54CF-454F-857B-A0A5782D5A1C}
		{E4E70C20-C27F-4B8A-AD67-AD6070D3E217} = {27F80A25-54CF-454F-857B-A0A5782D5A1C}
		{A270DB1B-DACB-4C22-B8C7-79A247D574F4} = {27F80A25-54CF-454F-857B-A0A5782D5A1C}
		{C05B4989-5E3A-43B9-8F6B-A7C3C13760E4} = {27F80A25-54CF-454F-857B-A0A5782D5A1C}
	EndGlobalSection
EndGlobal
